// !$*UTF8*$!
{
	archiveVersion = 1;
	classes = {
	};
	objectVersion = 51;
	objects = {

/* Begin PBXBuildFile section */
		19EFFA6F0EF4F56AFA4AA35B /* Pods_FirebaseDemo.framework in Frameworks */ = {isa = PBXBuildFile; fileRef = 1981377AD17F4049B7FDEDE7 /* Pods_FirebaseDemo.framework */; };
		585571BA2362586000FBAB4F /* errors.plist in Resources */ = {isa = PBXBuildFile; fileRef = 585571B92362585F00FBAB4F /* errors.plist */; };
		587B79642359CF4C009CAB72 /* AppDelegate.swift in Sources */ = {isa = PBXBuildFile; fileRef = 587B79632359CF4C009CAB72 /* AppDelegate.swift */; };
		587B79662359CF4C009CAB72 /* SceneDelegate.swift in Sources */ = {isa = PBXBuildFile; fileRef = 587B79652359CF4C009CAB72 /* SceneDelegate.swift */; };
		587B796B2359CF4C009CAB72 /* Main.storyboard in Resources */ = {isa = PBXBuildFile; fileRef = 587B79692359CF4C009CAB72 /* Main.storyboard */; };
		587B796D2359CF50009CAB72 /* Assets.xcassets in Resources */ = {isa = PBXBuildFile; fileRef = 587B796C2359CF50009CAB72 /* Assets.xcassets */; };
		587B79702359CF50009CAB72 /* LaunchScreen.storyboard in Resources */ = {isa = PBXBuildFile; fileRef = 587B796E2359CF50009CAB72 /* LaunchScreen.storyboard */; };
		587B797A235DB957009CAB72 /* LoginViewController.swift in Sources */ = {isa = PBXBuildFile; fileRef = 587B7979235DB957009CAB72 /* LoginViewController.swift */; };
		587B797C235DB965009CAB72 /* RegisterViewController.swift in Sources */ = {isa = PBXBuildFile; fileRef = 587B797B235DB965009CAB72 /* RegisterViewController.swift */; };
		587B797E235DB976009CAB72 /* WaitViewController.swift in Sources */ = {isa = PBXBuildFile; fileRef = 587B797D235DB976009CAB72 /* WaitViewController.swift */; };
		587B7980235DB98D009CAB72 /* FrontPageViewController.swift in Sources */ = {isa = PBXBuildFile; fileRef = 587B797F235DB98D009CAB72 /* FrontPageViewController.swift */; };
		58B69BF3235DD1FF001F7C0B /* GoogleService-Info.plist in Resources */ = {isa = PBXBuildFile; fileRef = 58B69BF2235DD1FF001F7C0B /* GoogleService-Info.plist */; };
/* End PBXBuildFile section */

/* Begin PBXFileReference section */
		1981377AD17F4049B7FDEDE7 /* Pods_FirebaseDemo.framework */ = {isa = PBXFileReference; explicitFileType = wrapper.framework; includeInIndex = 0; path = Pods_FirebaseDemo.framework; sourceTree = BUILT_PRODUCTS_DIR; };
		585571B92362585F00FBAB4F /* errors.plist */ = {isa = PBXFileReference; lastKnownFileType = text.plist.xml; path = errors.plist; sourceTree = "<group>"; };
		587B79602359CF4C009CAB72 /* FirebaseDemo.app */ = {isa = PBXFileReference; explicitFileType = wrapper.application; includeInIndex = 0; path = FirebaseDemo.app; sourceTree = BUILT_PRODUCTS_DIR; };
		587B79632359CF4C009CAB72 /* AppDelegate.swift */ = {isa = PBXFileReference; lastKnownFileType = sourcecode.swift; path = AppDelegate.swift; sourceTree = "<group>"; };
		587B79652359CF4C009CAB72 /* SceneDelegate.swift */ = {isa = PBXFileReference; lastKnownFileType = sourcecode.swift; path = SceneDelegate.swift; sourceTree = "<group>"; };
		587B796A2359CF4C009CAB72 /* Base */ = {isa = PBXFileReference; lastKnownFileType = file.storyboard; name = Base; path = Base.lproj/Main.storyboard; sourceTree = "<group>"; };
		587B796C2359CF50009CAB72 /* Assets.xcassets */ = {isa = PBXFileReference; lastKnownFileType = folder.assetcatalog; path = Assets.xcassets; sourceTree = "<group>"; };
		587B796F2359CF50009CAB72 /* Base */ = {isa = PBXFileReference; lastKnownFileType = file.storyboard; name = Base; path = Base.lproj/LaunchScreen.storyboard; sourceTree = "<group>"; };
		587B79712359CF50009CAB72 /* Info.plist */ = {isa = PBXFileReference; lastKnownFileType = text.plist.xml; path = Info.plist; sourceTree = "<group>"; };
		587B7979235DB957009CAB72 /* LoginViewController.swift */ = {isa = PBXFileReference; lastKnownFileType = sourcecode.swift; path = LoginViewController.swift; sourceTree = "<group>"; };
		587B797B235DB965009CAB72 /* RegisterViewController.swift */ = {isa = PBXFileReference; lastKnownFileType = sourcecode.swift; path = RegisterViewController.swift; sourceTree = "<group>"; };
		587B797D235DB976009CAB72 /* WaitViewController.swift */ = {isa = PBXFileReference; lastKnownFileType = sourcecode.swift; path = WaitViewController.swift; sourceTree = "<group>"; };
		587B797F235DB98D009CAB72 /* FrontPageViewController.swift */ = {isa = PBXFileReference; lastKnownFileType = sourcecode.swift; path = FrontPageViewController.swift; sourceTree = "<group>"; };
		58B69BF2235DD1FF001F7C0B /* GoogleService-Info.plist */ = {isa = PBXFileReference; fileEncoding = 4; lastKnownFileType = text.plist.xml; path = "GoogleService-Info.plist"; sourceTree = "<group>"; };
		752597FC08236091B5F60F21 /* Pods-FirebaseDemo.debug.xcconfig */ = {isa = PBXFileReference; includeInIndex = 1; lastKnownFileType = text.xcconfig; name = "Pods-FirebaseDemo.debug.xcconfig"; path = "Target Support Files/Pods-FirebaseDemo/Pods-FirebaseDemo.debug.xcconfig"; sourceTree = "<group>"; };
		C48534ED8E1EA0C88179A251 /* Pods-FirebaseDemo.release.xcconfig */ = {isa = PBXFileReference; includeInIndex = 1; lastKnownFileType = text.xcconfig; name = "Pods-FirebaseDemo.release.xcconfig"; path = "Target Support Files/Pods-FirebaseDemo/Pods-FirebaseDemo.release.xcconfig"; sourceTree = "<group>"; };
/* End PBXFileReference section */

/* Begin PBXFrameworksBuildPhase section */
		587B795D2359CF4C009CAB72 /* Frameworks */ = {
			isa = PBXFrameworksBuildPhase;
			buildActionMask = 2147483647;
			files = (
				19EFFA6F0EF4F56AFA4AA35B /* Pods_FirebaseDemo.framework in Frameworks */,
			);
			runOnlyForDeploymentPostprocessing = 0;
		};
/* End PBXFrameworksBuildPhase section */

/* Begin PBXGroup section */
		587B79572359CF4C009CAB72 = {
			isa = PBXGroup;
			children = (
				587B79622359CF4C009CAB72 /* FirebaseDemo */,
				587B79612359CF4C009CAB72 /* Products */,
				744D104B2308336CD4048149 /* Pods */,
				AC41837E738416D660C30E78 /* Frameworks */,
			);
			sourceTree = "<group>";
		};
		587B79612359CF4C009CAB72 /* Products */ = {
			isa = PBXGroup;
			children = (
				587B79602359CF4C009CAB72 /* FirebaseDemo.app */,
			);
			name = Products;
			sourceTree = "<group>";
		};
		587B79622359CF4C009CAB72 /* FirebaseDemo */ = {
			isa = PBXGroup;
			children = (
				58B69BF2235DD1FF001F7C0B /* GoogleService-Info.plist */,
				587B79632359CF4C009CAB72 /* AppDelegate.swift */,
				587B79652359CF4C009CAB72 /* SceneDelegate.swift */,
				587B79692359CF4C009CAB72 /* Main.storyboard */,
				587B796C2359CF50009CAB72 /* Assets.xcassets */,
				587B796E2359CF50009CAB72 /* LaunchScreen.storyboard */,
				587B79712359CF50009CAB72 /* Info.plist */,
				587B7979235DB957009CAB72 /* LoginViewController.swift */,
				587B797B235DB965009CAB72 /* RegisterViewController.swift */,
				587B797D235DB976009CAB72 /* WaitViewController.swift */,
				587B797F235DB98D009CAB72 /* FrontPageViewController.swift */,
				585571B92362585F00FBAB4F /* errors.plist */,
			);
			path = FirebaseDemo;
			sourceTree = "<group>";
		};
		744D104B2308336CD4048149 /* Pods */ = {
			isa = PBXGroup;
			children = (
				752597FC08236091B5F60F21 /* Pods-FirebaseDemo.debug.xcconfig */,
				C48534ED8E1EA0C88179A251 /* Pods-FirebaseDemo.release.xcconfig */,
			);
			path = Pods;
			sourceTree = "<group>";
		};
		AC41837E738416D660C30E78 /* Frameworks */ = {
			isa = PBXGroup;
			children = (
				1981377AD17F4049B7FDEDE7 /* Pods_FirebaseDemo.framework */,
			);
			name = Frameworks;
			sourceTree = "<group>";
		};
/* End PBXGroup section */

/* Begin PBXNativeTarget section */
		587B795F2359CF4C009CAB72 /* FirebaseDemo */ = {
			isa = PBXNativeTarget;
			buildConfigurationList = 587B79742359CF50009CAB72 /* Build configuration list for PBXNativeTarget "FirebaseDemo" */;
			buildPhases = (
				05735E23AF9310763A0B417B /* [CP] Check Pods Manifest.lock */,
				587B795C2359CF4C009CAB72 /* Sources */,
				587B795D2359CF4C009CAB72 /* Frameworks */,
				587B795E2359CF4C009CAB72 /* Resources */,
				AAE57D77820D42CB432D962A /* [CP] Embed Pods Frameworks */,
			);
			buildRules = (
			);
			dependencies = (
			);
			name = FirebaseDemo;
			productName = FirebaseDemo;
			productReference = 587B79602359CF4C009CAB72 /* FirebaseDemo.app */;
			productType = "com.apple.product-type.application";
		};
/* End PBXNativeTarget section */

/* Begin PBXProject section */
		587B79582359CF4C009CAB72 /* Project object */ = {
			isa = PBXProject;
			attributes = {
				LastSwiftUpdateCheck = 1100;
				LastUpgradeCheck = 1100;
				ORGANIZATIONNAME = "Cathal Hoare";
				TargetAttributes = {
					587B795F2359CF4C009CAB72 = {
						CreatedOnToolsVersion = 11.0;
					};
				};
			};
			buildConfigurationList = 587B795B2359CF4C009CAB72 /* Build configuration list for PBXProject "FirebaseDemo" */;
			compatibilityVersion = "Xcode 9.3";
			developmentRegion = en;
			hasScannedForEncodings = 0;
			knownRegions = (
				en,
				Base,
			);
			mainGroup = 587B79572359CF4C009CAB72;
			productRefGroup = 587B79612359CF4C009CAB72 /* Products */;
			projectDirPath = "";
			projectRoot = "";
			targets = (
				587B795F2359CF4C009CAB72 /* FirebaseDemo */,
			);
		};
/* End PBXProject section */

/* Begin PBXResourcesBuildPhase section */
		587B795E2359CF4C009CAB72 /* Resources */ = {
			isa = PBXResourcesBuildPhase;
			buildActionMask = 2147483647;
			files = (
				58B69BF3235DD1FF001F7C0B /* GoogleService-Info.plist in Resources */,
				587B79702359CF50009CAB72 /* LaunchScreen.storyboard in Resources */,
				587B796D2359CF50009CAB72 /* Assets.xcassets in Resources */,
				585571BA2362586000FBAB4F /* errors.plist in Resources */,
				587B796B2359CF4C009CAB72 /* Main.storyboard in Resources */,
			);
			runOnlyForDeploymentPostprocessing = 0;
		};
/* End PBXResourcesBuildPhase section */

/* Begin PBXShellScriptBuildPhase section */
		05735E23AF9310763A0B417B /* [CP] Check Pods Manifest.lock */ = {
			isa = PBXShellScriptBuildPhase;
			buildActionMask = 2147483647;
			files = (
			);
			inputFileListPaths = (
			);
			inputPaths = (
				"${PODS_PODFILE_DIR_PATH}/Podfile.lock",
				"${PODS_ROOT}/Manifest.lock",
			);
			name = "[CP] Check Pods Manifest.lock";
			outputFileListPaths = (
			);
			outputPaths = (
				"$(DERIVED_FILE_DIR)/Pods-FirebaseDemo-checkManifestLockResult.txt",
			);
			runOnlyForDeploymentPostprocessing = 0;
			shellPath = /bin/sh;
			shellScript = "diff \"${PODS_PODFILE_DIR_PATH}/Podfile.lock\" \"${PODS_ROOT}/Manifest.lock\" > /dev/null\nif [ $? != 0 ] ; then\n    # print error to STDERR\n    echo \"error: The sandbox is not in sync with the Podfile.lock. Run 'pod install' or update your CocoaPods installation.\" >&2\n    exit 1\nfi\n# This output is used by Xcode 'outputs' to avoid re-running this script phase.\necho \"SUCCESS\" > \"${SCRIPT_OUTPUT_FILE_0}\"\n";
			showEnvVarsInLog = 0;
		};
		AAE57D77820D42CB432D962A /* [CP] Embed Pods Frameworks */ = {
			isa = PBXShellScriptBuildPhase;
			buildActionMask = 2147483647;
			files = (
			);
			inputFileListPaths = (
				"${PODS_ROOT}/Target Support Files/Pods-FirebaseDemo/Pods-FirebaseDemo-frameworks-${CONFIGURATION}-input-files.xcfilelist",
			);
			name = "[CP] Embed Pods Frameworks";
			outputFileListPaths = (
				"${PODS_ROOT}/Target Support Files/Pods-FirebaseDemo/Pods-FirebaseDemo-frameworks-${CONFIGURATION}-output-files.xcfilelist",
			);
			runOnlyForDeploymentPostprocessing = 0;
			shellPath = /bin/sh;
			shellScript = "\"${PODS_ROOT}/Target Support Files/Pods-FirebaseDemo/Pods-FirebaseDemo-frameworks.sh\"\n";
			showEnvVarsInLog = 0;
		};
/* End PBXShellScriptBuildPhase section */

/* Begin PBXSourcesBuildPhase section */
		587B795C2359CF4C009CAB72 /* Sources */ = {
			isa = PBXSourcesBuildPhase;
			buildActionMask = 2147483647;
			files = (
				587B797A235DB957009CAB72 /* LoginViewController.swift in Sources */,
				587B79642359CF4C009CAB72 /* AppDelegate.swift in Sources */,
				587B79662359CF4C009CAB72 /* SceneDelegate.swift in Sources */,
				587B7980235DB98D009CAB72 /* FrontPageViewController.swift in Sources */,
				587B797E235DB976009CAB72 /* WaitViewController.swift in Sources */,
				587B797C235DB965009CAB72 /* RegisterViewController.swift in Sources */,
			);
			runOnlyForDeploymentPostprocessing = 0;
		};
/* End PBXSourcesBuildPhase section */

/* Begin PBXVariantGroup section */
		587B79692359CF4C009CAB72 /* Main.storyboard */ = {
			isa = PBXVariantGroup;
			children = (
				587B796A2359CF4C009CAB72 /* Base */,
			);
			name = Main.storyboard;
			sourceTree = "<group>";
		};
		587B796E2359CF50009CAB72 /* LaunchScreen.storyboard */ = {
			isa = PBXVariantGroup;
			children = (
				587B796F2359CF50009CAB72 /* Base */,
			);
			name = LaunchScreen.storyboard;
			sourceTree = "<group>";
		};
/* End PBXVariantGroup section */

/* Begin XCBuildConfiguration section */
		587B79722359CF50009CAB72 /* Debug */ = {
			isa = XCBuildConfiguration;
			buildSettings = {
				ALWAYS_SEARCH_USER_PATHS = NO;
				CLANG_ANALYZER_NONNULL = YES;
				CLANG_ANALYZER_NUMBER_OBJECT_CONVERSION = YES_AGGRESSIVE;
				CLANG_CXX_LANGUAGE_STANDARD = "gnu++14";
				CLANG_CXX_LIBRARY = "libc++";
				CLANG_ENABLE_MODULES = YES;
				CLANG_ENABLE_OBJC_ARC = YES;
				CLANG_ENABLE_OBJC_WEAK = YES;
				CLANG_WARN_BLOCK_CAPTURE_AUTORELEASING = YES;
				CLANG_WARN_BOOL_CONVERSION = YES;
				CLANG_WARN_COMMA = YES;
				CLANG_WARN_CONSTANT_CONVERSION = YES;
				CLANG_WARN_DEPRECATED_OBJC_IMPLEMENTATIONS = YES;
				CLANG_WARN_DIRECT_OBJC_ISA_USAGE = YES_ERROR;
				CLANG_WARN_DOCUMENTATION_COMMENTS = YES;
				CLANG_WARN_EMPTY_BODY = YES;
				CLANG_WARN_ENUM_CONVERSION = YES;
				CLANG_WARN_INFINITE_RECURSION = YES;
				CLANG_WARN_INT_CONVERSION = YES;
				CLANG_WARN_NON_LITERAL_NULL_CONVERSION = YES;
				CLANG_WARN_OBJC_IMPLICIT_RETAIN_SELF = YES;
				CLANG_WARN_OBJC_LITERAL_CONVERSION = YES;
				CLANG_WARN_OBJC_ROOT_CLASS = YES_ERROR;
				CLANG_WARN_RANGE_LOOP_ANALYSIS = YES;
				CLANG_WARN_STRICT_PROTOTYPES = YES;
				CLANG_WARN_SUSPICIOUS_MOVE = YES;
				CLANG_WARN_UNGUARDED_AVAILABILITY = YES_AGGRESSIVE;
				CLANG_WARN_UNREACHABLE_CODE = YES;
				CLANG_WARN__DUPLICATE_METHOD_MATCH = YES;
				COPY_PHASE_STRIP = NO;
				DEBUG_INFORMATION_FORMAT = dwarf;
				ENABLE_STRICT_OBJC_MSGSEND = YES;
				ENABLE_TESTABILITY = YES;
				GCC_C_LANGUAGE_STANDARD = gnu11;
				GCC_DYNAMIC_NO_PIC = NO;
				GCC_NO_COMMON_BLOCKS = YES;
				GCC_OPTIMIZATION_LEVEL = 0;
				GCC_PREPROCESSOR_DEFINITIONS = (
					"DEBUG=1",
					"$(inherited)",
				);
				GCC_WARN_64_TO_32_BIT_CONVERSION = YES;
				GCC_WARN_ABOUT_RETURN_TYPE = YES_ERROR;
				GCC_WARN_UNDECLARED_SELECTOR = YES;
				GCC_WARN_UNINITIALIZED_AUTOS = YES_AGGRESSIVE;
				GCC_WARN_UNUSED_FUNCTION = YES;
				GCC_WARN_UNUSED_VARIABLE = YES;
				IPHONEOS_DEPLOYMENT_TARGET = 12.2;
				MTL_ENABLE_DEBUG_INFO = INCLUDE_SOURCE;
				MTL_FAST_MATH = YES;
				ONLY_ACTIVE_ARCH = YES;
				SDKROOT = iphoneos;
				SWIFT_ACTIVE_COMPILATION_CONDITIONS = DEBUG;
				SWIFT_OPTIMIZATION_LEVEL = "-Onone";
			};
			name = Debug;
		};
		587B79732359CF50009CAB72 /* Release */ = {
			isa = XCBuildConfiguration;
			buildSettings = {
				ALWAYS_SEARCH_USER_PATHS = NO;
				CLANG_ANALYZER_NONNULL = YES;
				CLANG_ANALYZER_NUMBER_OBJECT_CONVERSION = YES_AGGRESSIVE;
				CLANG_CXX_LANGUAGE_STANDARD = "gnu++14";
				CLANG_CXX_LIBRARY = "libc++";
				CLANG_ENABLE_MODULES = YES;
				CLANG_ENABLE_OBJC_ARC = YES;
				CLANG_ENABLE_OBJC_WEAK = YES;
				CLANG_WARN_BLOCK_CAPTURE_AUTORELEASING = YES;
				CLANG_WARN_BOOL_CONVERSION = YES;
				CLANG_WARN_COMMA = YES;
				CLANG_WARN_CONSTANT_CONVERSION = YES;
				CLANG_WARN_DEPRECATED_OBJC_IMPLEMENTATIONS = YES;
				CLANG_WARN_DIRECT_OBJC_ISA_USAGE = YES_ERROR;
				CLANG_WARN_DOCUMENTATION_COMMENTS = YES;
				CLANG_WARN_EMPTY_BODY = YES;
				CLANG_WARN_ENUM_CONVERSION = YES;
				CLANG_WARN_INFINITE_RECURSION = YES;
				CLANG_WARN_INT_CONVERSION = YES;
				CLANG_WARN_NON_LITERAL_NULL_CONVERSION = YES;
				CLANG_WARN_OBJC_IMPLICIT_RETAIN_SELF = YES;
				CLANG_WARN_OBJC_LITERAL_CONVERSION = YES;
				CLANG_WARN_OBJC_ROOT_CLASS = YES_ERROR;
				CLANG_WARN_RANGE_LOOP_ANALYSIS = YES;
				CLANG_WARN_STRICT_PROTOTYPES = YES;
				CLANG_WARN_SUSPICIOUS_MOVE = YES;
				CLANG_WARN_UNGUARDED_AVAILABILITY = YES_AGGRESSIVE;
				CLANG_WARN_UNREACHABLE_CODE = YES;
				CLANG_WARN__DUPLICATE_METHOD_MATCH = YES;
				COPY_PHASE_STRIP = NO;
				DEBUG_INFORMATION_FORMAT = "dwarf-with-dsym";
				ENABLE_NS_ASSERTIONS = NO;
				ENABLE_STRICT_OBJC_MSGSEND = YES;
				GCC_C_LANGUAGE_STANDARD = gnu11;
				GCC_NO_COMMON_BLOCKS = YES;
				GCC_WARN_64_TO_32_BIT_CONVERSION = YES;
				GCC_WARN_ABOUT_RETURN_TYPE = YES_ERROR;
				GCC_WARN_UNDECLARED_SELECTOR = YES;
				GCC_WARN_UNINITIALIZED_AUTOS = YES_AGGRESSIVE;
				GCC_WARN_UNUSED_FUNCTION = YES;
				GCC_WARN_UNUSED_VARIABLE = YES;
				IPHONEOS_DEPLOYMENT_TARGET = 12.2;
				MTL_ENABLE_DEBUG_INFO = NO;
				MTL_FAST_MATH = YES;
				SDKROOT = iphoneos;
				SWIFT_COMPILATION_MODE = wholemodule;
				SWIFT_OPTIMIZATION_LEVEL = "-O";
				VALIDATE_PRODUCT = YES;
			};
			name = Release;
		};
		587B79752359CF50009CAB72 /* Debug */ = {
			isa = XCBuildConfiguration;
			baseConfigurationReference = 752597FC08236091B5F60F21 /* Pods-FirebaseDemo.debug.xcconfig */;
			buildSettings = {
				ASSETCATALOG_COMPILER_APPICON_NAME = AppIcon;
				CODE_SIGN_STYLE = Automatic;
				DEVELOPMENT_TEAM = F2Q67B2RGS;
				INFOPLIST_FILE = FirebaseDemo/Info.plist;
				LD_RUNPATH_SEARCH_PATHS = (
					"$(inherited)",
					"@executable_path/Frameworks",
				);
				PRODUCT_BUNDLE_IDENTIFIER = ch.FirebaseDemo;
				PRODUCT_NAME = "$(TARGET_NAME)";
				SWIFT_VERSION = 5.0;
				TARGETED_DEVICE_FAMILY = "1,2";
			};
			name = Debug;
		};
		587B79762359CF50009CAB72 /* Release */ = {
			isa = XCBuildConfiguration;
			baseConfigurationReference = C48534ED8E1EA0C88179A251 /* Pods-FirebaseDemo.release.xcconfig */;
			buildSettings = {
				ASSETCATALOG_COMPILER_APPICON_NAME = AppIcon;
				CODE_SIGN_STYLE = Automatic;
				DEVELOPMENT_TEAM = F2Q67B2RGS;
				INFOPLIST_FILE = FirebaseDemo/Info.plist;
				LD_RUNPATH_SEARCH_PATHS = (
					"$(inherited)",
					"@executable_path/Frameworks",
				);
				PRODUCT_BUNDLE_IDENTIFIER = ch.FirebaseDemo;
				PRODUCT_NAME = "$(TARGET_NAME)";
				SWIFT_VERSION = 5.0;
				TARGETED_DEVICE_FAMILY = "1,2";
			};
			name = Release;
		};
/* End XCBuildConfiguration section */

/* Begin XCConfigurationList section */
		587B795B2359CF4C009CAB72 /* Build configuration list for PBXProject "FirebaseDemo" */ = {
			isa = XCConfigurationList;
			buildConfigurations = (
				587B79722359CF50009CAB72 /* Debug */,
				587B79732359CF50009CAB72 /* Release */,
			);
			defaultConfigurationIsVisible = 0;
			defaultConfigurationName = Release;
		};
		587B79742359CF50009CAB72 /* Build configuration list for PBXNativeTarget "FirebaseDemo" */ = {
			isa = XCConfigurationList;
			buildConfigurations = (
				587B79752359CF50009CAB72 /* Debug */,
				587B79762359CF50009CAB72 /* Release */,
			);
			defaultConfigurationIsVisible = 0;
			defaultConfigurationName = Release;
		};
/* End XCConfigurationList section */
	};
	rootObject = 587B79582359CF4C009CAB72 /* Project object */;
}
